{
  "pins" : [
    {
      "identity" : "ttsegmentedcontrol",
      "kind" : "remoteSourceControl",
      "location" : "https://github.com/dumitruigor/TTSegmentedControl",
      "state" : {
        "branch" : "swiftPackage",
        "revision" : "e3be6ae05067a58f31963e07bdde85c5229923c7"
      }
    }
  ],
  "version" : 2
}
