{
  "pins" : [
    {
      "identity" : "ttsegmentedcontrol",
      "kind" : "remoteSourceControl",
      "location" : "https://github.com/dumitruigor/TTSegmentedControl",
      "state" : {
        "revision" : "bcfdb596aa4fbf985dcdfdb033638c8e381e5ae4",
        "version" : "2.0.0"
      }
    }
  ],
  "version" : 2
}
