{
  "pins" : [
    {
      "identity" : "ttsegmentedcontrol",
      "kind" : "remoteSourceControl",
      "location" : "https://github.com/dumitruigor/TTSegmentedControl",
      "state" : {
        "branch" : "swiftPackage",
        "revision" : "e22859b9ab5b2a9a4aef934eaedcbe76ed80dcf9"
      }
    }
  ],
  "version" : 2
}
